
Microsoft Visual Studio Solution File, Format Version 12.00
# Visual Studio 15
VisualStudioVersion = 15.0.28307.645
MinimumVisualStudioVersion = 10.0.40219.1
Project("{9A19103F-16F7-4668-BE54-9A1E7A4F7556}") = "TestDemo.WebAPI", "TestDemo.WebAPI.csproj", "{03C7E81F-2263-4AA4-9D20-2F33996B0C87}"
EndProject
Project("{9A19103F-16F7-4668-BE54-9A1E7A4F7556}") = "TestDemo.Business", "..\TestDemo.Business\TestDemo.Business.csproj", "{B7404172-C001-4E0A-AB90-981E7B5937B8}"
EndProject
Project("{9A19103F-16F7-4668-BE54-9A1E7A4F7556}") = "TestDemo.Data", "..\TestDemo.Data\TestDemo.Data.csproj", "{0CB0D6FE-8DAE-41B7-BCB1-6C3F1A05F205}"
EndProject
Global
	GlobalSection(SolutionConfigurationPlatforms) = preSolution
		Debug|Any CPU = Debug|Any CPU
		Release|Any CPU = Release|Any CPU
	EndGlobalSection
	GlobalSection(ProjectConfigurationPlatforms) = postSolution
		{03C7E81F-2263-4AA4-9D20-2F33996B0C87}.Debug|Any CPU.ActiveCfg = Debug|Any CPU
		{03C7E81F-2263-4AA4-9D20-2F33996B0C87}.Debug|Any CPU.Build.0 = Debug|Any CPU
		{03C7E81F-2263-4AA4-9D20-2F33996B0C87}.Release|Any CPU.ActiveCfg = Release|Any CPU
		{03C7E81F-2263-4AA4-9D20-2F33996B0C87}.Release|Any CPU.Build.0 = Release|Any CPU
		{B7404172-C001-4E0A-AB90-981E7B5937B8}.Debug|Any CPU.ActiveCfg = Debug|Any CPU
		{B7404172-C001-4E0A-AB90-981E7B5937B8}.Debug|Any CPU.Build.0 = Debug|Any CPU
		{B7404172-C001-4E0A-AB90-981E7B5937B8}.Release|Any CPU.ActiveCfg = Release|Any CPU
		{B7404172-C001-4E0A-AB90-981E7B5937B8}.Release|Any CPU.Build.0 = Release|Any CPU
		{0CB0D6FE-8DAE-41B7-BCB1-6C3F1A05F205}.Debug|Any CPU.ActiveCfg = Debug|Any CPU
		{0CB0D6FE-8DAE-41B7-BCB1-6C3F1A05F205}.Debug|Any CPU.Build.0 = Debug|Any CPU
		{0CB0D6FE-8DAE-41B7-BCB1-6C3F1A05F205}.Release|Any CPU.ActiveCfg = Release|Any CPU
		{0CB0D6FE-8DAE-41B7-BCB1-6C3F1A05F205}.Release|Any CPU.Build.0 = Release|Any CPU
	EndGlobalSection
	GlobalSection(SolutionProperties) = preSolution
		HideSolutionNode = FALSE
	EndGlobalSection
	GlobalSection(ExtensibilityGlobals) = postSolution
		SolutionGuid = {480046E0-E1A0-4D72-B3AA-9E17FC33DED1}
	EndGlobalSection
EndGlobal
